
Microsoft Visual Studio Solution File, Format Version 12.00
Project("{FAE04EC0-301F-11D3-BF4B-00C04F79EFBC}") = "RatingService", "RatingService\RatingService.csproj", "{127C8D60-0D39-4562-8F3F-19975B2F0445}"
EndProject
Project("{FAE04EC0-301F-11D3-BF4B-00C04F79EFBC}") = "NotificationService", "NotificationService\NotificationService.csproj", "{29C1EC54-25A2-4276-8CCD-D8A974287769}"
EndProject
Global
	GlobalSection(SolutionConfigurationPlatforms) = preSolution
		Debug|Any CPU = Debug|Any CPU
		Release|Any CPU = Release|Any CPU
	EndGlobalSection
	GlobalSection(ProjectConfigurationPlatforms) = postSolution
		{127C8D60-0D39-4562-8F3F-19975B2F0445}.Debug|Any CPU.ActiveCfg = Debug|Any CPU
		{127C8D60-0D39-4562-8F3F-19975B2F0445}.Debug|Any CPU.Build.0 = Debug|Any CPU
		{127C8D60-0D39-4562-8F3F-19975B2F0445}.Release|Any CPU.ActiveCfg = Release|Any CPU
		{127C8D60-0D39-4562-8F3F-19975B2F0445}.Release|Any CPU.Build.0 = Release|Any CPU
		{29C1EC54-25A2-4276-8CCD-D8A974287769}.Debug|Any CPU.ActiveCfg = Debug|Any CPU
		{29C1EC54-25A2-4276-8CCD-D8A974287769}.Debug|Any CPU.Build.0 = Debug|Any CPU
		{29C1EC54-25A2-4276-8CCD-D8A974287769}.Release|Any CPU.ActiveCfg = Release|Any CPU
		{29C1EC54-25A2-4276-8CCD-D8A974287769}.Release|Any CPU.Build.0 = Release|Any CPU
	EndGlobalSection
EndGlobal
